# THIS IS AN AUTOGENERATED FILE. DO NOT EDIT THIS FILE DIRECTLY.
# yarn lockfile v1


"@prisma/client@^3.9.0":
  version "3.15.2"
  resolved "https://registry.yarnpkg.com/@prisma/client/-/client-3.15.2.tgz#2181398147afc79bfe0d83c03a88dc45b49bd365"
  integrity sha512-ErqtwhX12ubPhU4d++30uFY/rPcyvjk+mdifaZO5SeM21zS3t4jQrscy8+6IyB0GIYshl5ldTq6JSBo1d63i8w==
  dependencies:
    "@prisma/engines-version" "3.15.1-1.461d6a05159055555eb7dfb337c9fb271cbd4d7e"

"@prisma/engines-version@3.15.1-1.461d6a05159055555eb7dfb337c9fb271cbd4d7e":
  version "3.15.1-1.461d6a05159055555eb7dfb337c9fb271cbd4d7e"
  resolved "https://registry.yarnpkg.com/@prisma/engines-version/-/engines-version-3.15.1-1.461d6a05159055555eb7dfb337c9fb271cbd4d7e.tgz#bf5e2373ca68ce7556b967cb4965a7095e93fe53"
  integrity sha512-e3k2Vd606efd1ZYy2NQKkT4C/pn31nehyLhVug6To/q8JT8FpiMrDy7zmm3KLF0L98NOQQcutaVtAPhzKhzn9w==
